
Microsoft Visual Studio Solution File, Format Version 12.00
# Visual Studio Version 17
VisualStudioVersion = 17.5.33516.290
MinimumVisualStudioVersion = 10.0.40219.1
Project("{9A19103F-16F7-4668-BE54-9A1E7A4F7556}") = "API USER", "API USER\API USER.csproj", "{9BAC8A92-ECB1-4846-A84E-D628FC6209C1}"
EndProject
Project("{FAE04EC0-301F-11D3-BF4B-00C04F79EFBC}") = "Model", "Model\Model.csproj", "{9C662B43-D2E5-4C13-95C3-C2F989794EA0}"
EndProject
Project("{FAE04EC0-301F-11D3-BF4B-00C04F79EFBC}") = "Service", "Service\Service.csproj", "{6C8CE0E0-84ED-4228-B40F-36654B3FE7E0}"
EndProject
Global
	GlobalSection(SolutionConfigurationPlatforms) = preSolution
		Debug|Any CPU = Debug|Any CPU
		Release|Any CPU = Release|Any CPU
	EndGlobalSection
	GlobalSection(ProjectConfigurationPlatforms) = postSolution
		{9BAC8A92-ECB1-4846-A84E-D628FC6209C1}.Debug|Any CPU.ActiveCfg = Debug|Any CPU
		{9BAC8A92-ECB1-4846-A84E-D628FC6209C1}.Debug|Any CPU.Build.0 = Debug|Any CPU
		{9BAC8A92-ECB1-4846-A84E-D628FC6209C1}.Release|Any CPU.ActiveCfg = Release|Any CPU
		{9BAC8A92-ECB1-4846-A84E-D628FC6209C1}.Release|Any CPU.Build.0 = Release|Any CPU
		{9C662B43-D2E5-4C13-95C3-C2F989794EA0}.Debug|Any CPU.ActiveCfg = Debug|Any CPU
		{9C662B43-D2E5-4C13-95C3-C2F989794EA0}.Debug|Any CPU.Build.0 = Debug|Any CPU
		{9C662B43-D2E5-4C13-95C3-C2F989794EA0}.Release|Any CPU.ActiveCfg = Release|Any CPU
		{9C662B43-D2E5-4C13-95C3-C2F989794EA0}.Release|Any CPU.Build.0 = Release|Any CPU
		{6C8CE0E0-84ED-4228-B40F-36654B3FE7E0}.Debug|Any CPU.ActiveCfg = Debug|Any CPU
		{6C8CE0E0-84ED-4228-B40F-36654B3FE7E0}.Debug|Any CPU.Build.0 = Debug|Any CPU
		{6C8CE0E0-84ED-4228-B40F-36654B3FE7E0}.Release|Any CPU.ActiveCfg = Release|Any CPU
		{6C8CE0E0-84ED-4228-B40F-36654B3FE7E0}.Release|Any CPU.Build.0 = Release|Any CPU
	EndGlobalSection
	GlobalSection(SolutionProperties) = preSolution
		HideSolutionNode = FALSE
	EndGlobalSection
	GlobalSection(ExtensibilityGlobals) = postSolution
		SolutionGuid = {981EDCD1-C6AD-44A0-8237-724BAA0F1D4F}
	EndGlobalSection
EndGlobal
